<?xml version="1.0" encoding="utf-8"?>
<Project ToolsVersion="4.0" xmlns="http://schemas.microsoft.com/developer/msbuild/2003">
  <ItemGroup>
    <Filter Include="Resource Files">
      <UniqueIdentifier>{67DA6AB6-F800-4c08-8B7A-83BB121AAD01}</UniqueIdentifier>
      <Extensions>rc;ico;cur;bmp;dlg;rc2;rct;bin;rgs;gif;jpg;jpeg;jpe;resx;tiff;tif;png;wav;mfcribbon-ms</Extensions>
    </Filter>
    <Filter Include="System">
      <UniqueIdentifier>{81da78e3-6ecc-4d7b-ad2e-198e661ed54e}</UniqueIdentifier>
    </Filter>
    <Filter Include="System\Header Files">
      <UniqueIdentifier>{93995380-89BD-4b04-88EB-625FBE52EBFB}</UniqueIdentifier>
      <Extensions>h;hh;hpp;hxx;hm;inl;inc;xsd</Extensions>
    </Filter>
    <Filter Include="System\Source Files">
      <UniqueIdentifier>{4FC737F1-C7A5-4376-A066-2A32D752A2FF}</UniqueIdentifier>
      <Extensions>cpp;c;cc;cxx;def;odl;idl;hpj;bat;asm;asmx</Extensions>
    </Filter>
    <Filter Include="Game">
      <UniqueIdentifier>{93a62e68-f598-4d6f-b3f0-a3f1b0112a79}</UniqueIdentifier>
    </Filter>
    <Filter Include="Game\Header Files">
      <UniqueIdentifier>{6a5c8ff4-99d6-4d5f-b7b3-5958e7f39f1d}</UniqueIdentifier>
    </Filter>
    <Filter Include="Game\Source Files">
      <UniqueIdentifier>{92d1c6ab-dd9c-4a99-b7b2-b6ccfb32419a}</UniqueIdentifier>
    </Filter>
    <Filter Include="Input">
      <UniqueIdentifier>{1ef8412a-b6bf-4e60-b7c5-349271603f77}</UniqueIdentifier>
    </Filter>
    <Filter Include="Input\Source Files">
      <UniqueIdentifier>{07632f42-0a51-4518-90ef-4147ed6ce410}</UniqueIdentifier>
    </Filter>
    <Filter Include="Input\Header Files">
      <UniqueIdentifier>{b61abd11-d31b-4b7c-bb38-088138bc3c24}</UniqueIdentifier>
    </Filter>
    <Filter Include="Graphics">
      <UniqueIdentifier>{d72c6e38-b87e-4314-84e7-2e6364f3ee8b}</UniqueIdentifier>
    </Filter>
    <Filter Include="Graphics\Header Files">
      <UniqueIdentifier>{a973aed6-0897-41e7-ac9c-1e07194c5f75}</UniqueIdentifier>
    </Filter>
    <Filter Include="Graphics\Source Files">
      <UniqueIdentifier>{373149cf-ea64-40c7-a616-3e7a6b79dc21}</UniqueIdentifier>
    </Filter>
  </ItemGroup>
  <ItemGroup>
    <ClCompile Include="System.cpp">
      <Filter>System\Source Files</Filter>
    </ClCompile>
    <ClCompile Include="WindowHandler.cpp">
      <Filter>System\Source Files</Filter>
    </ClCompile>
    <ClCompile Include="StateHandler.cpp">
      <Filter>Game\Source Files</Filter>
    </ClCompile>
    <ClCompile Include="State.cpp">
      <Filter>Game\Source Files</Filter>
    </ClCompile>
    <ClCompile Include="NullState.cpp">
      <Filter>Game\Source Files</Filter>
    </ClCompile>
    <ClCompile Include="MenuState.cpp">
      <Filter>System\Source Files</Filter>
    </ClCompile>
    <ClCompile Include="Timer.cpp">
      <Filter>System\Source Files</Filter>
    </ClCompile>
    <ClCompile Include="Graphics.cpp">
      <Filter>Graphics\Source Files</Filter>
    </ClCompile>
    <ClCompile Include="Direct3D11.cpp">
      <Filter>Graphics\Source Files</Filter>
    </ClCompile>
    <ClCompile Include="Utils.cpp">
      <Filter>Resource Files</Filter>
    </ClCompile>
    <ClCompile Include="Input.cpp">
      <Filter>Input\Source Files</Filter>
    </ClCompile>
    <ClCompile Include="Camera.cpp">
      <Filter>Game\Source Files</Filter>
    </ClCompile>
  </ItemGroup>
  <ItemGroup>
    <ClInclude Include="System.h">
      <Filter>System\Header Files</Filter>
    </ClInclude>
    <ClInclude Include="WindowHandler.h">
      <Filter>System\Header Files</Filter>
    </ClInclude>
    <ClInclude Include="StateHandler.h">
      <Filter>Game\Header Files</Filter>
    </ClInclude>
    <ClInclude Include="State.h">
      <Filter>Game\Header Files</Filter>
    </ClInclude>
    <ClInclude Include="NullState.h">
      <Filter>Game\Header Files</Filter>
    </ClInclude>
    <ClInclude Include="MenuState.h">
      <Filter>System\Header Files</Filter>
    </ClInclude>
    <ClInclude Include="General.h">
      <Filter>Resource Files</Filter>
    </ClInclude>
    <ClInclude Include="Timer.h">
      <Filter>System\Header Files</Filter>
    </ClInclude>
    <ClInclude Include="Graphics.h">
      <Filter>Graphics\Header Files</Filter>
    </ClInclude>
    <ClInclude Include="Direct3D11.h">
      <Filter>Graphics\Header Files</Filter>
    </ClInclude>
    <ClInclude Include="Utils.h">
      <Filter>Resource Files</Filter>
    </ClInclude>
    <ClInclude Include="Input.h">
      <Filter>Input\Header Files</Filter>
    </ClInclude>
    <ClInclude Include="IRenderProvider.h">
      <Filter>Graphics\Header Files</Filter>
    </ClInclude>
    <ClInclude Include="Camera.h">
      <Filter>Game\Header Files</Filter>
    </ClInclude>
  </ItemGroup>
</Project>